
Microsoft Visual Studio Solution File, Format Version 12.00
# Visual Studio Version 17
VisualStudioVersion = 17.9.34728.123
MinimumVisualStudioVersion = 10.0.40219.1
Project("{9A19103F-16F7-4668-BE54-9A1E7A4F7556}") = "OrderAccumulator", "OrderAccumulator\OrderAccumulator.csproj", "{CC68005D-8873-4474-8F76-5B18F9BF5C20}"
EndProject
Project("{9A19103F-16F7-4668-BE54-9A1E7A4F7556}") = "OrderGeneratorAPI", "OrderGeneratorAPI\OrderGeneratorAPI.csproj", "{777F6A71-A0D2-4C8A-871B-E6599BE2AD3B}"
EndProject
Global
	GlobalSection(SolutionConfigurationPlatforms) = preSolution
		Debug|Any CPU = Debug|Any CPU
		Release|Any CPU = Release|Any CPU
	EndGlobalSection
	GlobalSection(ProjectConfigurationPlatforms) = postSolution
		{CC68005D-8873-4474-8F76-5B18F9BF5C20}.Debug|Any CPU.ActiveCfg = Debug|Any CPU
		{CC68005D-8873-4474-8F76-5B18F9BF5C20}.Debug|Any CPU.Build.0 = Debug|Any CPU
		{CC68005D-8873-4474-8F76-5B18F9BF5C20}.Release|Any CPU.ActiveCfg = Release|Any CPU
		{CC68005D-8873-4474-8F76-5B18F9BF5C20}.Release|Any CPU.Build.0 = Release|Any CPU
		{777F6A71-A0D2-4C8A-871B-E6599BE2AD3B}.Debug|Any CPU.ActiveCfg = Debug|Any CPU
		{777F6A71-A0D2-4C8A-871B-E6599BE2AD3B}.Debug|Any CPU.Build.0 = Debug|Any CPU
		{777F6A71-A0D2-4C8A-871B-E6599BE2AD3B}.Release|Any CPU.ActiveCfg = Release|Any CPU
		{777F6A71-A0D2-4C8A-871B-E6599BE2AD3B}.Release|Any CPU.Build.0 = Release|Any CPU
	EndGlobalSection
	GlobalSection(SolutionProperties) = preSolution
		HideSolutionNode = FALSE
	EndGlobalSection
	GlobalSection(ExtensibilityGlobals) = postSolution
		SolutionGuid = {D12E6A25-DF06-4567-8426-28EDD7C7C36A}
	EndGlobalSection
EndGlobal
